
Microsoft Visual Studio Solution File, Format Version 12.00
# Visual Studio Version 17
VisualStudioVersion = 17.13.35931.197
MinimumVisualStudioVersion = 10.0.40219.1
Project("{FAE04EC0-301F-11D3-BF4B-00C04F79EFBC}") = "PFE", "PFE.csproj", "{16747F79-336C-4FC0-9E1E-F904FE7E8D8D}"
EndProject
Project("{2150E333-8FDC-42A3-9474-1A3956D46DE8}") = "Solution Items", "Solution Items", "{02EA681E-C7D8-13C7-8484-4AC65E1B71E8}"
EndProject
Global
	GlobalSection(SolutionConfigurationPlatforms) = preSolution
		Debug|Any CPU = Debug|Any CPU
		Release|Any CPU = Release|Any CPU
	EndGlobalSection
	GlobalSection(ProjectConfigurationPlatforms) = postSolution
		{16747F79-336C-4FC0-9E1E-F904FE7E8D8D}.Debug|Any CPU.ActiveCfg = Debug|Any CPU
		{16747F79-336C-4FC0-9E1E-F904FE7E8D8D}.Debug|Any CPU.Build.0 = Debug|Any CPU
		{16747F79-336C-4FC0-9E1E-F904FE7E8D8D}.Release|Any CPU.ActiveCfg = Release|Any CPU
		{16747F79-336C-4FC0-9E1E-F904FE7E8D8D}.Release|Any CPU.Build.0 = Release|Any CPU
	EndGlobalSection
	GlobalSection(SolutionProperties) = preSolution
		HideSolutionNode = FALSE
	EndGlobalSection
	GlobalSection(ExtensibilityGlobals) = postSolution
		SolutionGuid = {C735F970-29A8-4C02-9AF8-E5AF88C78BFE}
	EndGlobalSection
EndGlobal
